
Microsoft Visual Studio Solution File, Format Version 12.00
# Visual Studio Version 17
VisualStudioVersion = 17.9.34616.47
MinimumVisualStudioVersion = 10.0.40219.1
Project("{FAE04EC0-301F-11D3-BF4B-00C04F79EFBC}") = "PictureViewer", "PictureViewer\PictureViewer.csproj", "{A43255B4-6467-4037-B63A-7A69372A55CD}"
EndProject
Global
	GlobalSection(SolutionConfigurationPlatforms) = preSolution
		Debug|Any CPU = Debug|Any CPU
		Release|Any CPU = Release|Any CPU
	EndGlobalSection
	GlobalSection(ProjectConfigurationPlatforms) = postSolution
		{A43255B4-6467-4037-B63A-7A69372A55CD}.Debug|Any CPU.ActiveCfg = Debug|Any CPU
		{A43255B4-6467-4037-B63A-7A69372A55CD}.Debug|Any CPU.Build.0 = Debug|Any CPU
		{A43255B4-6467-4037-B63A-7A69372A55CD}.Release|Any CPU.ActiveCfg = Release|Any CPU
		{A43255B4-6467-4037-B63A-7A69372A55CD}.Release|Any CPU.Build.0 = Release|Any CPU
	EndGlobalSection
	GlobalSection(SolutionProperties) = preSolution
		HideSolutionNode = FALSE
	EndGlobalSection
	GlobalSection(ExtensibilityGlobals) = postSolution
		SolutionGuid = {D9A40688-7437-404F-B3D4-0702E256CC1A}
	EndGlobalSection
EndGlobal
